// !$*UTF8*$!
{
	archiveVersion = 1;
	classes = {
	};
	objectVersion = 56;
	objects = {

/* Begin PBXBuildFile section */
		134BFF48299FBA3E00508651 /* AppDelegate.swift in Sources */ = {isa = PBXBuildFile; fileRef = 134BFF47299FBA3E00508651 /* AppDelegate.swift */; };
		134BFF4A299FBA3E00508651 /* SceneDelegate.swift in Sources */ = {isa = PBXBuildFile; fileRef = 134BFF49299FBA3E00508651 /* SceneDelegate.swift */; };
		134BFF4C299FBA3E00508651 /* CalculateViewController.swift in Sources */ = {isa = PBXBuildFile; fileRef = 134BFF4B299FBA3E00508651 /* CalculateViewController.swift */; };
		134BFF4F299FBA3E00508651 /* Main.storyboard in Resources */ = {isa = PBXBuildFile; fileRef = 134BFF4D299FBA3E00508651 /* Main.storyboard */; };
		134BFF51299FBA3F00508651 /* Assets.xcassets in Resources */ = {isa = PBXBuildFile; fileRef = 134BFF50299FBA3F00508651 /* Assets.xcassets */; };
		134BFF54299FBA3F00508651 /* LaunchScreen.storyboard in Resources */ = {isa = PBXBuildFile; fileRef = 134BFF52299FBA3F00508651 /* LaunchScreen.storyboard */; };
		134BFF7529A4ADC300508651 /* ResultViewController.swift in Sources */ = {isa = PBXBuildFile; fileRef = 134BFF7429A4ADC300508651 /* ResultViewController.swift */; };
		13724E4A29A4E60D00EFBA6D /* CalculatorBrain.swift in Sources */ = {isa = PBXBuildFile; fileRef = 13724E4929A4E60C00EFBA6D /* CalculatorBrain.swift */; };
		13724E4C29A4F0AD00EFBA6D /* BMI.swift in Sources */ = {isa = PBXBuildFile; fileRef = 13724E4B29A4F0AD00EFBA6D /* BMI.swift */; };
/* End PBXBuildFile section */

/* Begin PBXFileReference section */
		134BFF44299FBA3E00508651 /* BMI calculator.app */ = {isa = PBXFileReference; explicitFileType = wrapper.application; includeInIndex = 0; path = "BMI calculator.app"; sourceTree = BUILT_PRODUCTS_DIR; };
		134BFF47299FBA3E00508651 /* AppDelegate.swift */ = {isa = PBXFileReference; lastKnownFileType = sourcecode.swift; path = AppDelegate.swift; sourceTree = "<group>"; };
		134BFF49299FBA3E00508651 /* SceneDelegate.swift */ = {isa = PBXFileReference; lastKnownFileType = sourcecode.swift; path = SceneDelegate.swift; sourceTree = "<group>"; };
		134BFF4B299FBA3E00508651 /* CalculateViewController.swift */ = {isa = PBXFileReference; lastKnownFileType = sourcecode.swift; path = CalculateViewController.swift; sourceTree = "<group>"; };
		134BFF4E299FBA3E00508651 /* Base */ = {isa = PBXFileReference; lastKnownFileType = file.storyboard; name = Base; path = Base.lproj/Main.storyboard; sourceTree = "<group>"; };
		134BFF50299FBA3F00508651 /* Assets.xcassets */ = {isa = PBXFileReference; lastKnownFileType = folder.assetcatalog; path = Assets.xcassets; sourceTree = "<group>"; };
		134BFF53299FBA3F00508651 /* Base */ = {isa = PBXFileReference; lastKnownFileType = file.storyboard; name = Base; path = Base.lproj/LaunchScreen.storyboard; sourceTree = "<group>"; };
		134BFF55299FBA3F00508651 /* Info.plist */ = {isa = PBXFileReference; lastKnownFileType = text.plist.xml; path = Info.plist; sourceTree = "<group>"; };
		134BFF7429A4ADC300508651 /* ResultViewController.swift */ = {isa = PBXFileReference; lastKnownFileType = sourcecode.swift; path = ResultViewController.swift; sourceTree = "<group>"; };
		13724E4929A4E60C00EFBA6D /* CalculatorBrain.swift */ = {isa = PBXFileReference; lastKnownFileType = sourcecode.swift; path = CalculatorBrain.swift; sourceTree = "<group>"; };
		13724E4B29A4F0AD00EFBA6D /* BMI.swift */ = {isa = PBXFileReference; lastKnownFileType = sourcecode.swift; path = BMI.swift; sourceTree = "<group>"; };
/* End PBXFileReference section */

/* Begin PBXFrameworksBuildPhase section */
		134BFF41299FBA3E00508651 /* Frameworks */ = {
			isa = PBXFrameworksBuildPhase;
			buildActionMask = 2147483647;
			files = (
			);
			runOnlyForDeploymentPostprocessing = 0;
		};
/* End PBXFrameworksBuildPhase section */

/* Begin PBXGroup section */
		134BFF3B299FBA3E00508651 = {
			isa = PBXGroup;
			children = (
				134BFF46299FBA3E00508651 /* BMI calculator */,
				134BFF45299FBA3E00508651 /* Products */,
			);
			sourceTree = "<group>";
		};
		134BFF45299FBA3E00508651 /* Products */ = {
			isa = PBXGroup;
			children = (
				134BFF44299FBA3E00508651 /* BMI calculator.app */,
			);
			name = Products;
			sourceTree = "<group>";
		};
		134BFF46299FBA3E00508651 /* BMI calculator */ = {
			isa = PBXGroup;
			children = (
				134BFF47299FBA3E00508651 /* AppDelegate.swift */,
				134BFF49299FBA3E00508651 /* SceneDelegate.swift */,
				134BFF50299FBA3F00508651 /* Assets.xcassets */,
				134BFF52299FBA3F00508651 /* LaunchScreen.storyboard */,
				134BFF55299FBA3F00508651 /* Info.plist */,
				13724E4629A4E5A900EFBA6D /* Models */,
				13724E4729A4E5B200EFBA6D /* Views */,
				13724E4829A4E5C300EFBA6D /* Controllers */,
			);
			path = "BMI calculator";
			sourceTree = "<group>";
		};
		13724E4629A4E5A900EFBA6D /* Models */ = {
			isa = PBXGroup;
			children = (
				13724E4929A4E60C00EFBA6D /* CalculatorBrain.swift */,
				13724E4B29A4F0AD00EFBA6D /* BMI.swift */,
			);
			path = Models;
			sourceTree = "<group>";
		};
		13724E4729A4E5B200EFBA6D /* Views */ = {
			isa = PBXGroup;
			children = (
				134BFF4D299FBA3E00508651 /* Main.storyboard */,
			);
			path = Views;
			sourceTree = "<group>";
		};
		13724E4829A4E5C300EFBA6D /* Controllers */ = {
			isa = PBXGroup;
			children = (
				134BFF4B299FBA3E00508651 /* CalculateViewController.swift */,
				134BFF7429A4ADC300508651 /* ResultViewController.swift */,
			);
			path = Controllers;
			sourceTree = "<group>";
		};
/* End PBXGroup section */

/* Begin PBXNativeTarget section */
		134BFF43299FBA3E00508651 /* BMI calculator */ = {
			isa = PBXNativeTarget;
			buildConfigurationList = 134BFF58299FBA3F00508651 /* Build configuration list for PBXNativeTarget "BMI calculator" */;
			buildPhases = (
				134BFF40299FBA3E00508651 /* Sources */,
				134BFF41299FBA3E00508651 /* Frameworks */,
				134BFF42299FBA3E00508651 /* Resources */,
			);
			buildRules = (
			);
			dependencies = (
			);
			name = "BMI calculator";
			productName = "BMI calculator";
			productReference = 134BFF44299FBA3E00508651 /* BMI calculator.app */;
			productType = "com.apple.product-type.application";
		};
/* End PBXNativeTarget section */

/* Begin PBXProject section */
		134BFF3C299FBA3E00508651 /* Project object */ = {
			isa = PBXProject;
			attributes = {
				BuildIndependentTargetsInParallel = 1;
				LastSwiftUpdateCheck = 1420;
				LastUpgradeCheck = 1420;
				TargetAttributes = {
					134BFF43299FBA3E00508651 = {
						CreatedOnToolsVersion = 14.2;
					};
				};
			};
			buildConfigurationList = 134BFF3F299FBA3E00508651 /* Build configuration list for PBXProject "BMI calculator" */;
			compatibilityVersion = "Xcode 14.0";
			developmentRegion = en;
			hasScannedForEncodings = 0;
			knownRegions = (
				en,
				Base,
			);
			mainGroup = 134BFF3B299FBA3E00508651;
			productRefGroup = 134BFF45299FBA3E00508651 /* Products */;
			projectDirPath = "";
			projectRoot = "";
			targets = (
				134BFF43299FBA3E00508651 /* BMI calculator */,
			);
		};
/* End PBXProject section */

/* Begin PBXResourcesBuildPhase section */
		134BFF42299FBA3E00508651 /* Resources */ = {
			isa = PBXResourcesBuildPhase;
			buildActionMask = 2147483647;
			files = (
				134BFF54299FBA3F00508651 /* LaunchScreen.storyboard in Resources */,
				134BFF51299FBA3F00508651 /* Assets.xcassets in Resources */,
				134BFF4F299FBA3E00508651 /* Main.storyboard in Resources */,
			);
			runOnlyForDeploymentPostprocessing = 0;
		};
/* End PBXResourcesBuildPhase section */

/* Begin PBXSourcesBuildPhase section */
		134BFF40299FBA3E00508651 /* Sources */ = {
			isa = PBXSourcesBuildPhase;
			buildActionMask = 2147483647;
			files = (
				134BFF4C299FBA3E00508651 /* CalculateViewController.swift in Sources */,
				134BFF7529A4ADC300508651 /* ResultViewController.swift in Sources */,
				134BFF48299FBA3E00508651 /* AppDelegate.swift in Sources */,
				13724E4A29A4E60D00EFBA6D /* CalculatorBrain.swift in Sources */,
				13724E4C29A4F0AD00EFBA6D /* BMI.swift in Sources */,
				134BFF4A299FBA3E00508651 /* SceneDelegate.swift in Sources */,
			);
			runOnlyForDeploymentPostprocessing = 0;
		};
/* End PBXSourcesBuildPhase section */

/* Begin PBXVariantGroup section */
		134BFF4D299FBA3E00508651 /* Main.storyboard */ = {
			isa = PBXVariantGroup;
			children = (
				134BFF4E299FBA3E00508651 /* Base */,
			);
			name = Main.storyboard;
			sourceTree = "<group>";
		};
		134BFF52299FBA3F00508651 /* LaunchScreen.storyboard */ = {
			isa = PBXVariantGroup;
			children = (
				134BFF53299FBA3F00508651 /* Base */,
			);
			name = LaunchScreen.storyboard;
			sourceTree = "<group>";
		};
/* End PBXVariantGroup section */

/* Begin XCBuildConfiguration section */
		134BFF56299FBA3F00508651 /* Debug */ = {
			isa = XCBuildConfiguration;
			buildSettings = {
				ALWAYS_SEARCH_USER_PATHS = NO;
				CLANG_ANALYZER_NONNULL = YES;
				CLANG_ANALYZER_NUMBER_OBJECT_CONVERSION = YES_AGGRESSIVE;
				CLANG_CXX_LANGUAGE_STANDARD = "gnu++20";
				CLANG_ENABLE_MODULES = YES;
				CLANG_ENABLE_OBJC_ARC = YES;
				CLANG_ENABLE_OBJC_WEAK = YES;
				CLANG_WARN_BLOCK_CAPTURE_AUTORELEASING = YES;
				CLANG_WARN_BOOL_CONVERSION = YES;
				CLANG_WARN_COMMA = YES;
				CLANG_WARN_CONSTANT_CONVERSION = YES;
				CLANG_WARN_DEPRECATED_OBJC_IMPLEMENTATIONS = YES;
				CLANG_WARN_DIRECT_OBJC_ISA_USAGE = YES_ERROR;
				CLANG_WARN_DOCUMENTATION_COMMENTS = YES;
				CLANG_WARN_EMPTY_BODY = YES;
				CLANG_WARN_ENUM_CONVERSION = YES;
				CLANG_WARN_INFINITE_RECURSION = YES;
				CLANG_WARN_INT_CONVERSION = YES;
				CLANG_WARN_NON_LITERAL_NULL_CONVERSION = YES;
				CLANG_WARN_OBJC_IMPLICIT_RETAIN_SELF = YES;
				CLANG_WARN_OBJC_LITERAL_CONVERSION = YES;
				CLANG_WARN_OBJC_ROOT_CLASS = YES_ERROR;
				CLANG_WARN_QUOTED_INCLUDE_IN_FRAMEWORK_HEADER = YES;
				CLANG_WARN_RANGE_LOOP_ANALYSIS = YES;
				CLANG_WARN_STRICT_PROTOTYPES = YES;
				CLANG_WARN_SUSPICIOUS_MOVE = YES;
				CLANG_WARN_UNGUARDED_AVAILABILITY = YES_AGGRESSIVE;
				CLANG_WARN_UNREACHABLE_CODE = YES;
				CLANG_WARN__DUPLICATE_METHOD_MATCH = YES;
				COPY_PHASE_STRIP = NO;
				DEBUG_INFORMATION_FORMAT = dwarf;
				ENABLE_STRICT_OBJC_MSGSEND = YES;
				ENABLE_TESTABILITY = YES;
				GCC_C_LANGUAGE_STANDARD = gnu11;
				GCC_DYNAMIC_NO_PIC = NO;
				GCC_NO_COMMON_BLOCKS = YES;
				GCC_OPTIMIZATION_LEVEL = 0;
				GCC_PREPROCESSOR_DEFINITIONS = (
					"DEBUG=1",
					"$(inherited)",
				);
				GCC_WARN_64_TO_32_BIT_CONVERSION = YES;
				GCC_WARN_ABOUT_RETURN_TYPE = YES_ERROR;
				GCC_WARN_UNDECLARED_SELECTOR = YES;
				GCC_WARN_UNINITIALIZED_AUTOS = YES_AGGRESSIVE;
				GCC_WARN_UNUSED_FUNCTION = YES;
				GCC_WARN_UNUSED_VARIABLE = YES;
				IPHONEOS_DEPLOYMENT_TARGET = 16.2;
				MTL_ENABLE_DEBUG_INFO = INCLUDE_SOURCE;
				MTL_FAST_MATH = YES;
				ONLY_ACTIVE_ARCH = YES;
				SDKROOT = iphoneos;
				SWIFT_ACTIVE_COMPILATION_CONDITIONS = DEBUG;
				SWIFT_OPTIMIZATION_LEVEL = "-Onone";
			};
			name = Debug;
		};
		134BFF57299FBA3F00508651 /* Release */ = {
			isa = XCBuildConfiguration;
			buildSettings = {
				ALWAYS_SEARCH_USER_PATHS = NO;
				CLANG_ANALYZER_NONNULL = YES;
				CLANG_ANALYZER_NUMBER_OBJECT_CONVERSION = YES_AGGRESSIVE;
				CLANG_CXX_LANGUAGE_STANDARD = "gnu++20";
				CLANG_ENABLE_MODULES = YES;
				CLANG_ENABLE_OBJC_ARC = YES;
				CLANG_ENABLE_OBJC_WEAK = YES;
				CLANG_WARN_BLOCK_CAPTURE_AUTORELEASING = YES;
				CLANG_WARN_BOOL_CONVERSION = YES;
				CLANG_WARN_COMMA = YES;
				CLANG_WARN_CONSTANT_CONVERSION = YES;
				CLANG_WARN_DEPRECATED_OBJC_IMPLEMENTATIONS = YES;
				CLANG_WARN_DIRECT_OBJC_ISA_USAGE = YES_ERROR;
				CLANG_WARN_DOCUMENTATION_COMMENTS = YES;
				CLANG_WARN_EMPTY_BODY = YES;
				CLANG_WARN_ENUM_CONVERSION = YES;
				CLANG_WARN_INFINITE_RECURSION = YES;
				CLANG_WARN_INT_CONVERSION = YES;
				CLANG_WARN_NON_LITERAL_NULL_CONVERSION = YES;
				CLANG_WARN_OBJC_IMPLICIT_RETAIN_SELF = YES;
				CLANG_WARN_OBJC_LITERAL_CONVERSION = YES;
				CLANG_WARN_OBJC_ROOT_CLASS = YES_ERROR;
				CLANG_WARN_QUOTED_INCLUDE_IN_FRAMEWORK_HEADER = YES;
				CLANG_WARN_RANGE_LOOP_ANALYSIS = YES;
				CLANG_WARN_STRICT_PROTOTYPES = YES;
				CLANG_WARN_SUSPICIOUS_MOVE = YES;
				CLANG_WARN_UNGUARDED_AVAILABILITY = YES_AGGRESSIVE;
				CLANG_WARN_UNREACHABLE_CODE = YES;
				CLANG_WARN__DUPLICATE_METHOD_MATCH = YES;
				COPY_PHASE_STRIP = NO;
				DEBUG_INFORMATION_FORMAT = "dwarf-with-dsym";
				ENABLE_NS_ASSERTIONS = NO;
				ENABLE_STRICT_OBJC_MSGSEND = YES;
				GCC_C_LANGUAGE_STANDARD = gnu11;
				GCC_NO_COMMON_BLOCKS = YES;
				GCC_WARN_64_TO_32_BIT_CONVERSION = YES;
				GCC_WARN_ABOUT_RETURN_TYPE = YES_ERROR;
				GCC_WARN_UNDECLARED_SELECTOR = YES;
				GCC_WARN_UNINITIALIZED_AUTOS = YES_AGGRESSIVE;
				GCC_WARN_UNUSED_FUNCTION = YES;
				GCC_WARN_UNUSED_VARIABLE = YES;
				IPHONEOS_DEPLOYMENT_TARGET = 16.2;
				MTL_ENABLE_DEBUG_INFO = NO;
				MTL_FAST_MATH = YES;
				SDKROOT = iphoneos;
				SWIFT_COMPILATION_MODE = wholemodule;
				SWIFT_OPTIMIZATION_LEVEL = "-O";
				VALIDATE_PRODUCT = YES;
			};
			name = Release;
		};
		134BFF59299FBA3F00508651 /* Debug */ = {
			isa = XCBuildConfiguration;
			buildSettings = {
				ASSETCATALOG_COMPILER_APPICON_NAME = AppIcon;
				ASSETCATALOG_COMPILER_GLOBAL_ACCENT_COLOR_NAME = AccentColor;
				CODE_SIGN_STYLE = Automatic;
				CURRENT_PROJECT_VERSION = 1;
				DEVELOPMENT_TEAM = 5VUSYM8NB7;
				GENERATE_INFOPLIST_FILE = YES;
				INFOPLIST_FILE = "BMI calculator/Info.plist";
				INFOPLIST_KEY_UIApplicationSupportsIndirectInputEvents = YES;
				INFOPLIST_KEY_UILaunchStoryboardName = LaunchScreen;
				INFOPLIST_KEY_UIMainStoryboardFile = Main;
				INFOPLIST_KEY_UISupportedInterfaceOrientations_iPad = "UIInterfaceOrientationPortrait UIInterfaceOrientationPortraitUpsideDown UIInterfaceOrientationLandscapeLeft UIInterfaceOrientationLandscapeRight";
				INFOPLIST_KEY_UISupportedInterfaceOrientations_iPhone = "UIInterfaceOrientationPortrait UIInterfaceOrientationLandscapeLeft UIInterfaceOrientationLandscapeRight";
				LD_RUNPATH_SEARCH_PATHS = (
					"$(inherited)",
					"@executable_path/Frameworks",
				);
				MARKETING_VERSION = 1.0;
				PRODUCT_BUNDLE_IDENTIFIER = "sivertsev1995-icloud.com.BMI-calculator";
				PRODUCT_NAME = "$(TARGET_NAME)";
				SWIFT_EMIT_LOC_STRINGS = YES;
				SWIFT_VERSION = 5.0;
				TARGETED_DEVICE_FAMILY = "1,2";
			};
			name = Debug;
		};
		134BFF5A299FBA3F00508651 /* Release */ = {
			isa = XCBuildConfiguration;
			buildSettings = {
				ASSETCATALOG_COMPILER_APPICON_NAME = AppIcon;
				ASSETCATALOG_COMPILER_GLOBAL_ACCENT_COLOR_NAME = AccentColor;
				CODE_SIGN_STYLE = Automatic;
				CURRENT_PROJECT_VERSION = 1;
				DEVELOPMENT_TEAM = 5VUSYM8NB7;
				GENERATE_INFOPLIST_FILE = YES;
				INFOPLIST_FILE = "BMI calculator/Info.plist";
				INFOPLIST_KEY_UIApplicationSupportsIndirectInputEvents = YES;
				INFOPLIST_KEY_UILaunchStoryboardName = LaunchScreen;
				INFOPLIST_KEY_UIMainStoryboardFile = Main;
				INFOPLIST_KEY_UISupportedInterfaceOrientations_iPad = "UIInterfaceOrientationPortrait UIInterfaceOrientationPortraitUpsideDown UIInterfaceOrientationLandscapeLeft UIInterfaceOrientationLandscapeRight";
				INFOPLIST_KEY_UISupportedInterfaceOrientations_iPhone = "UIInterfaceOrientationPortrait UIInterfaceOrientationLandscapeLeft UIInterfaceOrientationLandscapeRight";
				LD_RUNPATH_SEARCH_PATHS = (
					"$(inherited)",
					"@executable_path/Frameworks",
				);
				MARKETING_VERSION = 1.0;
				PRODUCT_BUNDLE_IDENTIFIER = "sivertsev1995-icloud.com.BMI-calculator";
				PRODUCT_NAME = "$(TARGET_NAME)";
				SWIFT_EMIT_LOC_STRINGS = YES;
				SWIFT_VERSION = 5.0;
				TARGETED_DEVICE_FAMILY = "1,2";
			};
			name = Release;
		};
/* End XCBuildConfiguration section */

/* Begin XCConfigurationList section */
		134BFF3F299FBA3E00508651 /* Build configuration list for PBXProject "BMI calculator" */ = {
			isa = XCConfigurationList;
			buildConfigurations = (
				134BFF56299FBA3F00508651 /* Debug */,
				134BFF57299FBA3F00508651 /* Release */,
			);
			defaultConfigurationIsVisible = 0;
			defaultConfigurationName = Release;
		};
		134BFF58299FBA3F00508651 /* Build configuration list for PBXNativeTarget "BMI calculator" */ = {
			isa = XCConfigurationList;
			buildConfigurations = (
				134BFF59299FBA3F00508651 /* Debug */,
				134BFF5A299FBA3F00508651 /* Release */,
			);
			defaultConfigurationIsVisible = 0;
			defaultConfigurationName = Release;
		};
/* End XCConfigurationList section */
	};
	rootObject = 134BFF3C299FBA3E00508651 /* Project object */;
}
